
Microsoft Visual Studio Solution File, Format Version 12.00
# Visual Studio Version 17
VisualStudioVersion = 17.13.35825.156 d17.13
MinimumVisualStudioVersion = 10.0.40219.1
Project("{FAE04EC0-301F-11D3-BF4B-00C04F79EFBC}") = "corridor_danil_shafiev", "corridor_danil_shafiev\corridor_danil_shafiev.csproj", "{0ED2F843-6640-461E-B5CE-5B6A3EE6F460}"
EndProject
Global
	GlobalSection(SolutionConfigurationPlatforms) = preSolution
		Debug|Any CPU = Debug|Any CPU
		Release|Any CPU = Release|Any CPU
	EndGlobalSection
	GlobalSection(ProjectConfigurationPlatforms) = postSolution
		{0ED2F843-6640-461E-B5CE-5B6A3EE6F460}.Debug|Any CPU.ActiveCfg = Debug|Any CPU
		{0ED2F843-6640-461E-B5CE-5B6A3EE6F460}.Debug|Any CPU.Build.0 = Debug|Any CPU
		{0ED2F843-6640-461E-B5CE-5B6A3EE6F460}.Release|Any CPU.ActiveCfg = Release|Any CPU
		{0ED2F843-6640-461E-B5CE-5B6A3EE6F460}.Release|Any CPU.Build.0 = Release|Any CPU
	EndGlobalSection
	GlobalSection(SolutionProperties) = preSolution
		HideSolutionNode = FALSE
	EndGlobalSection
	GlobalSection(ExtensibilityGlobals) = postSolution
		SolutionGuid = {D54BEBCE-A6BE-41AD-B02A-48DE72447FA2}
	EndGlobalSection
EndGlobal
